
Microsoft Visual Studio Solution File, Format Version 12.00
# Visual Studio Version 16
VisualStudioVersion = 16.0.30804.86
MinimumVisualStudioVersion = 10.0.40219.1
Project("{FAE04EC0-301F-11D3-BF4B-00C04F79EFBC}") = "RestauranteWarley", "RestauranteWarley\RestauranteWarley.csproj", "{9DB2D55F-2EA2-4F9B-A3C0-6CB1CD68A3BD}"
EndProject
Global
	GlobalSection(SolutionConfigurationPlatforms) = preSolution
		Debug|Any CPU = Debug|Any CPU
		Release|Any CPU = Release|Any CPU
	EndGlobalSection
	GlobalSection(ProjectConfigurationPlatforms) = postSolution
		{9DB2D55F-2EA2-4F9B-A3C0-6CB1CD68A3BD}.Debug|Any CPU.ActiveCfg = Debug|Any CPU
		{9DB2D55F-2EA2-4F9B-A3C0-6CB1CD68A3BD}.Debug|Any CPU.Build.0 = Debug|Any CPU
		{9DB2D55F-2EA2-4F9B-A3C0-6CB1CD68A3BD}.Release|Any CPU.ActiveCfg = Release|Any CPU
		{9DB2D55F-2EA2-4F9B-A3C0-6CB1CD68A3BD}.Release|Any CPU.Build.0 = Release|Any CPU
	EndGlobalSection
	GlobalSection(SolutionProperties) = preSolution
		HideSolutionNode = FALSE
	EndGlobalSection
	GlobalSection(ExtensibilityGlobals) = postSolution
		SolutionGuid = {AE5DEE8D-B7FC-4992-AE63-7F1CC13BE93F}
	EndGlobalSection
EndGlobal
